{
  "name": "nodeeweb",
  "lockfileVersion": 2,
  "requires": true,
  "packages": {
    "": {
      "dependencies": {
        "react-hook-form": "^7.50.0",
        "react-toastify": "^10.0.4"
      }
    },
    "node_modules/clsx": {
      "version": "2.1.0",
      "resolved": "https://registry.npmjs.org/clsx/-/clsx-2.1.0.tgz",
      "integrity": "sha512-m3iNNWpd9rl3jvvcBnu70ylMdrXt8Vlq4HYadnU5fwcOtvkSQWPmj7amUcDT2qYI7risszBjI5AUIUox9D16pg==",
      "engines": {
        "node": ">=6"
      }
    },
    "node_modules/react-hook-form": {
      "version": "7.50.1",
      "resolved": "https://registry.npmjs.org/react-hook-form/-/react-hook-form-7.50.1.tgz",
      "integrity": "sha512-3PCY82oE0WgeOgUtIr3nYNNtNvqtJ7BZjsbxh6TnYNbXButaD5WpjOmTjdxZfheuHKR68qfeFnEDVYoSSFPMTQ==",
      "engines": {
        "node": ">=12.22.0"
      },
      "funding": {
        "type": "opencollective",
        "url": "https://opencollective.com/react-hook-form"
      },
      "peerDependencies": {
        "react": "^16.8.0 || ^17 || ^18"
      }
    },
    "node_modules/react-toastify": {
      "version": "10.0.4",
      "resolved": "https://registry.npmjs.org/react-toastify/-/react-toastify-10.0.4.tgz",
      "integrity": "sha512-etR3RgueY8pe88SA67wLm8rJmL1h+CLqUGHuAoNsseW35oTGJEri6eBTyaXnFKNQ80v/eO10hBYLgz036XRGgA==",
      "dependencies": {
        "clsx": "^2.1.0"
      },
      "peerDependencies": {
        "react": ">=16",
        "react-dom": ">=16"
      }
    }
  },
  "dependencies": {
    "clsx": {
      "version": "2.1.0",
      "resolved": "https://registry.npmjs.org/clsx/-/clsx-2.1.0.tgz",
      "integrity": "sha512-m3iNNWpd9rl3jvvcBnu70ylMdrXt8Vlq4HYadnU5fwcOtvkSQWPmj7amUcDT2qYI7risszBjI5AUIUox9D16pg=="
    },
    "react-hook-form": {
      "version": "7.50.1",
      "resolved": "https://registry.npmjs.org/react-hook-form/-/react-hook-form-7.50.1.tgz",
      "integrity": "sha512-3PCY82oE0WgeOgUtIr3nYNNtNvqtJ7BZjsbxh6TnYNbXButaD5WpjOmTjdxZfheuHKR68qfeFnEDVYoSSFPMTQ=="
    },
    "react-toastify": {
      "version": "10.0.4",
      "resolved": "https://registry.npmjs.org/react-toastify/-/react-toastify-10.0.4.tgz",
      "integrity": "sha512-etR3RgueY8pe88SA67wLm8rJmL1h+CLqUGHuAoNsseW35oTGJEri6eBTyaXnFKNQ80v/eO10hBYLgz036XRGgA==",
      "requires": {
        "clsx": "^2.1.0"
      }
    }
  }
}
