# THIS IS AN AUTOGENERATED FILE. DO NOT EDIT THIS FILE DIRECTLY.
# yarn lockfile v1


"@babel/runtime@^7.14.8", "@babel/runtime@^7.5.5", "@babel/runtime@^7.8.7":
  version "7.23.9"
  resolved "https://registry.yarnpkg.com/@babel/runtime/-/runtime-7.23.9.tgz#47791a15e4603bb5f905bc0753801cf21d6345f7"
  integrity sha512-0CX6F+BI2s9dkUqr08KFrAIZgNFj75rdBU/DjCyYLIaV/quFjkk6T+EJ2LkZHyZTbEV4L5p97mNkUsHl2wLFAw==
  dependencies:
    regenerator-runtime "^0.14.0"

"@emotion/cache@^11.4.0":
  version "11.11.0"
  resolved "https://registry.yarnpkg.com/@emotion/cache/-/cache-11.11.0.tgz#809b33ee6b1cb1a625fef7a45bc568ccd9b8f3ff"
  integrity sha512-P34z9ssTCBi3e9EI1ZsWpNHcfY1r09ZO0rZbRO2ob3ZQMnFI35jB536qoXbkdesr5EUhYi22anuEJuyxifaqAQ==
  dependencies:
    "@emotion/memoize" "^0.8.1"
    "@emotion/sheet" "^1.2.2"
    "@emotion/utils" "^1.2.1"
    "@emotion/weak-memoize" "^0.3.1"
    stylis "4.2.0"

"@emotion/is-prop-valid@^1.1.0":
  version "1.2.1"
  resolved "https://registry.yarnpkg.com/@emotion/is-prop-valid/-/is-prop-valid-1.2.1.tgz#23116cf1ed18bfeac910ec6436561ecb1a3885cc"
  integrity sha512-61Mf7Ufx4aDxx1xlDeOm8aFFigGHE4z+0sKCa+IHCeZKiyP9RLD0Mmx7m8b9/Cf37f7NAvQOOJAbQQGVr5uERw==
  dependencies:
    "@emotion/memoize" "^0.8.1"

"@emotion/memoize@^0.8.1":
  version "0.8.1"
  resolved "https://registry.yarnpkg.com/@emotion/memoize/-/memoize-0.8.1.tgz#c1ddb040429c6d21d38cc945fe75c818cfb68e17"
  integrity sha512-W2P2c/VRW1/1tLox0mVUalvnWXxavmv/Oum2aPsRcoDJuob75FC3Y8FbpfLwUegRcxINtGUMPq0tFCvYNTBXNA==

"@emotion/sheet@^1.2.2":
  version "1.2.2"
  resolved "https://registry.yarnpkg.com/@emotion/sheet/-/sheet-1.2.2.tgz#d58e788ee27267a14342303e1abb3d508b6d0fec"
  integrity sha512-0QBtGvaqtWi+nx6doRwDdBIzhNdZrXUppvTM4dtZZWEGTXL/XE/yJxLMGlDT1Gt+UHH5IX1n+jkXyytE/av7OA==

"@emotion/utils@^1.2.1":
  version "1.2.1"
  resolved "https://registry.yarnpkg.com/@emotion/utils/-/utils-1.2.1.tgz#bbab58465738d31ae4cb3dbb6fc00a5991f755e4"
  integrity sha512-Y2tGf3I+XVnajdItskUCn6LX+VUDmP6lTL4fcqsXAv43dnlbZiuW4MWQW38rW/BVWSE7Q/7+XQocmpnRYILUmg==

"@emotion/weak-memoize@^0.3.1":
  version "0.3.1"
  resolved "https://registry.yarnpkg.com/@emotion/weak-memoize/-/weak-memoize-0.3.1.tgz#d0fce5d07b0620caa282b5131c297bb60f9d87e6"
  integrity sha512-EsBwpc7hBUJWAsNPBmJy4hxWx12v6bshQsldrVmjxJoc3isbxhOrF2IcCpaXxfvq03NwkI7sbsOLXbYuqF/8Ww==

"@material-ui/core@^5.0.0-beta.5":
  version "5.0.0-beta.5"
  resolved "https://registry.yarnpkg.com/@material-ui/core/-/core-5.0.0-beta.5.tgz#6ee717d4ec02b28d737fb4be42dbc3b345dccc7c"
  integrity sha512-ubRMdWJ+Maqvo0P13M+AThaHp5rBBIaURxoQ+Dx4/2Llrm1mepjINDL5PsABabqUbbNc6K+cmqgX4gwEFe7exw==
  dependencies:
    "@babel/runtime" "^7.14.8"
    "@material-ui/system" "5.0.0-beta.5"
    "@material-ui/types" "6.0.2"
    "@material-ui/unstyled" "5.0.0-alpha.44"
    "@material-ui/utils" "5.0.0-beta.5"
    "@popperjs/core" "^2.4.4"
    "@types/react-transition-group" "^4.2.0"
    clsx "^1.0.4"
    csstype "^3.0.2"
    hoist-non-react-statics "^3.3.2"
    prop-types "^15.7.2"
    react-is "^17.0.2"
    react-transition-group "^4.4.0"

"@material-ui/private-theming@5.0.0-beta.5":
  version "5.0.0-beta.5"
  resolved "https://registry.yarnpkg.com/@material-ui/private-theming/-/private-theming-5.0.0-beta.5.tgz#b8168bd15a609a78bf411e5afac2f38b513b5f18"
  integrity sha512-3J642OgHUAga6CYtzWRWG3d5FKG6NMTSxXSyk0Cc85iz/Zvl3n+x7g/MCeq8VjZULv10NzkySIXdNFQi8EKmYA==
  dependencies:
    "@babel/runtime" "^7.14.8"
    "@material-ui/utils" "5.0.0-beta.5"
    prop-types "^15.7.2"

"@material-ui/styled-engine@5.0.0-beta.5":
  version "5.0.0-beta.5"
  resolved "https://registry.yarnpkg.com/@material-ui/styled-engine/-/styled-engine-5.0.0-beta.5.tgz#d84244c6d69683d04afb419681062640071e801d"
  integrity sha512-tZiHu/GQYoME9Gj7BdIL+giQRt0ptuFIrr3Tm0fIbBB2fXYKzUKiJcggG6R5tjSXX5TUsipXpOIK3h5Kh5ZYtw==
  dependencies:
    "@babel/runtime" "^7.14.8"
    "@emotion/cache" "^11.4.0"
    prop-types "^15.7.2"

"@material-ui/system@5.0.0-beta.5":
  version "5.0.0-beta.5"
  resolved "https://registry.yarnpkg.com/@material-ui/system/-/system-5.0.0-beta.5.tgz#5f828cae175f3eaf0bf2b71f1c76d421b44ab5eb"
  integrity sha512-4l0u/66X68xeSVumk5TY3vFS/5xwEhE3z68iRVRt36KwMItlWPEZTHFq2YTJVuBbGH9eQJxOsKRWUmpfswukKQ==
  dependencies:
    "@babel/runtime" "^7.14.8"
    "@material-ui/private-theming" "5.0.0-beta.5"
    "@material-ui/styled-engine" "5.0.0-beta.5"
    "@material-ui/types" "6.0.2"
    "@material-ui/utils" "5.0.0-beta.5"
    clsx "^1.0.4"
    csstype "^3.0.2"
    prop-types "^15.7.2"

"@material-ui/types@6.0.2":
  version "6.0.2"
  resolved "https://registry.yarnpkg.com/@material-ui/types/-/types-6.0.2.tgz#a6d384196c6e2e130eb2765b62d944c0b1ea1015"
  integrity sha512-/XUca4wUb9pWimLLdM1PE8KS8rTbDEGohSGkGtk3WST7lm23m+8RYv9uOmrvOg/VSsl4bMiOv4t2/LCb+RLbTg==

"@material-ui/unstyled@5.0.0-alpha.44":
  version "5.0.0-alpha.44"
  resolved "https://registry.yarnpkg.com/@material-ui/unstyled/-/unstyled-5.0.0-alpha.44.tgz#bb6dff41ae73a18a4a349d0558d776284d542d89"
  integrity sha512-RNFs6CF+V/pdgxtN+hLA3/17CZ6uGEJit0qlvxb7CnSqMcN8dCen7jApnNDr3SMfZB6O0/B/sbnTQAOm1Cl3nQ==
  dependencies:
    "@babel/runtime" "^7.14.8"
    "@emotion/is-prop-valid" "^1.1.0"
    "@material-ui/utils" "5.0.0-beta.5"
    clsx "^1.0.4"
    prop-types "^15.7.2"
    react-is "^17.0.2"

"@material-ui/utils@5.0.0-beta.5":
  version "5.0.0-beta.5"
  resolved "https://registry.yarnpkg.com/@material-ui/utils/-/utils-5.0.0-beta.5.tgz#de492037e1f1f0910fda32e6f11b66dfcde2a1c2"
  integrity sha512-wtJ3ovXWZdTAz5eLBqvMpYH/IBJb3qMQbGCyL1i00+sf7AUlAuv4QLx+QtX/siA6L7IpxUQVfqpoCpQH1eYRpQ==
  dependencies:
    "@babel/runtime" "^7.14.8"
    "@types/prop-types" "^15.7.4"
    "@types/react-is" "^16.7.1 || ^17.0.0"
    prop-types "^15.7.2"
    react-is "^17.0.2"

"@popperjs/core@^2.4.4":
  version "2.11.8"
  resolved "https://registry.yarnpkg.com/@popperjs/core/-/core-2.11.8.tgz#6b79032e760a0899cd4204710beede972a3a185f"
  integrity sha512-P1st0aksCrn9sGZhp8GMYwBnQsbvAWsZAX44oXNNvLHGqAOcoVxmjZiohstwQ7SqKnbR47akdNi+uleWD8+g6A==

"@types/prop-types@*", "@types/prop-types@^15.7.4":
  version "15.7.11"
  resolved "https://registry.yarnpkg.com/@types/prop-types/-/prop-types-15.7.11.tgz#2596fb352ee96a1379c657734d4b913a613ad563"
  integrity sha512-ga8y9v9uyeiLdpKddhxYQkxNDrfvuPrlFb0N1qnZZByvcElJaXthF1UhvCh9TLWJBEHeNtdnbysW7Y6Uq8CVng==

"@types/react-is@^16.7.1 || ^17.0.0":
  version "17.0.7"
  resolved "https://registry.yarnpkg.com/@types/react-is/-/react-is-17.0.7.tgz#1402c8f14e8533eaeeac128c0bfa11478202ae37"
  integrity sha512-WrTEiT+c6rgq36QApoy0063uAOdltCrhF0QMXLIgYPaTvIdQhAB8hPb5oGGqX18xToElNILS9UprwU6GyINcJg==
  dependencies:
    "@types/react" "^17"

"@types/react-transition-group@^4.2.0":
  version "4.4.10"
  resolved "https://registry.yarnpkg.com/@types/react-transition-group/-/react-transition-group-4.4.10.tgz#6ee71127bdab1f18f11ad8fb3322c6da27c327ac"
  integrity sha512-hT/+s0VQs2ojCX823m60m5f0sL5idt9SO6Tj6Dg+rdphGPIeJbJ6CxvBYkgkGKrYeDjvIpKTR38UzmtHJOGW3Q==
  dependencies:
    "@types/react" "*"

"@types/react@*":
  version "18.2.58"
  resolved "https://registry.yarnpkg.com/@types/react/-/react-18.2.58.tgz#22082d12898d11806f4a1aefb5583116a047493d"
  integrity sha512-TaGvMNhxvG2Q0K0aYxiKfNDS5m5ZsoIBBbtfUorxdH4NGSXIlYvZxLJI+9Dd3KjeB3780bciLyAb7ylO8pLhPw==
  dependencies:
    "@types/prop-types" "*"
    "@types/scheduler" "*"
    csstype "^3.0.2"

"@types/react@^17":
  version "17.0.75"
  resolved "https://registry.yarnpkg.com/@types/react/-/react-17.0.75.tgz#cffbc76840a12fcadaf5a3cf14878bb06efcf73d"
  integrity sha512-MSA+NzEzXnQKrqpO63CYqNstFjsESgvJAdAyyJ1n6ZQq/GLgf6nOfIKwk+Twuz0L1N6xPe+qz5xRCJrbhMaLsw==
  dependencies:
    "@types/prop-types" "*"
    "@types/scheduler" "*"
    csstype "^3.0.2"

"@types/scheduler@*":
  version "0.16.8"
  resolved "https://registry.yarnpkg.com/@types/scheduler/-/scheduler-0.16.8.tgz#ce5ace04cfeabe7ef87c0091e50752e36707deff"
  integrity sha512-WZLiwShhwLRmeV6zH+GkbOFT6Z6VklCItrDioxUnv+u4Ll+8vKeFySoFyK/0ctcRpOmwAicELfmys1sDc/Rw+A==

clsx@^1.0.4:
  version "1.2.1"
  resolved "https://registry.yarnpkg.com/clsx/-/clsx-1.2.1.tgz#0ddc4a20a549b59c93a4116bb26f5294ca17dc12"
  integrity sha512-EcR6r5a8bj6pu3ycsa/E/cKVGuTgZJZdsyUYHOksG/UHIiKfjxzRxYJpyVBwYaQeOvghal9fcc4PidlgzugAQg==

clsx@^2.1.0:
  version "2.1.0"
  resolved "https://registry.npmjs.org/clsx/-/clsx-2.1.0.tgz"
  integrity sha512-m3iNNWpd9rl3jvvcBnu70ylMdrXt8Vlq4HYadnU5fwcOtvkSQWPmj7amUcDT2qYI7risszBjI5AUIUox9D16pg==

csstype@^3.0.2:
  version "3.1.3"
  resolved "https://registry.yarnpkg.com/csstype/-/csstype-3.1.3.tgz#d80ff294d114fb0e6ac500fbf85b60137d7eff81"
  integrity sha512-M1uQkMl8rQK/szD0LNhtqxIPLpimGm8sOBwU7lLnCpSbTyY3yeU1Vc7l4KT5zT4s/yOxHH5O7tIuuLOCnLADRw==

dom-helpers@^5.0.1:
  version "5.2.1"
  resolved "https://registry.yarnpkg.com/dom-helpers/-/dom-helpers-5.2.1.tgz#d9400536b2bf8225ad98fe052e029451ac40e902"
  integrity sha512-nRCa7CK3VTrM2NmGkIy4cbK7IZlgBE/PYMn55rrXefr5xXDP0LdtfPnblFDoVdcAfslJ7or6iqAUnx0CCGIWQA==
  dependencies:
    "@babel/runtime" "^7.8.7"
    csstype "^3.0.2"

hoist-non-react-statics@^3.3.2:
  version "3.3.2"
  resolved "https://registry.yarnpkg.com/hoist-non-react-statics/-/hoist-non-react-statics-3.3.2.tgz#ece0acaf71d62c2969c2ec59feff42a4b1a85b45"
  integrity sha512-/gGivxi8JPKWNm/W0jSmzcMPpfpPLc3dY/6GxhX2hQ9iGj3aDfklV4ET7NjKpSinLpJ5vafa9iiGIEZg10SfBw==
  dependencies:
    react-is "^16.7.0"

"js-tokens@^3.0.0 || ^4.0.0":
  version "4.0.0"
  resolved "https://registry.yarnpkg.com/js-tokens/-/js-tokens-4.0.0.tgz#19203fb59991df98e3a287050d4647cdeaf32499"
  integrity sha512-RdJUflcE3cUzKiMqQgsCu06FPu9UdIJO0beYbPhHN4k6apgJtifcoCtT9bcxOpYBtpD2kCM6Sbzg4CausW/PKQ==

loose-envify@^1.4.0:
  version "1.4.0"
  resolved "https://registry.yarnpkg.com/loose-envify/-/loose-envify-1.4.0.tgz#71ee51fa7be4caec1a63839f7e682d8132d30caf"
  integrity sha512-lyuxPGr/Wfhrlem2CL/UcnUc1zcqKAImBDzukY7Y5F/yQiNdko6+fRLevlw1HgMySw7f611UIY408EtxRSoK3Q==
  dependencies:
    js-tokens "^3.0.0 || ^4.0.0"

object-assign@^4.1.1:
  version "4.1.1"
  resolved "https://registry.yarnpkg.com/object-assign/-/object-assign-4.1.1.tgz#2109adc7965887cfc05cbbd442cac8bfbb360863"
  integrity sha512-rJgTQnkUnH1sFw8yT6VSU3zD3sWmu6sZhIseY8VX+GRu3P6F7Fu+JNDoXfklElbLJSnc3FUQHVe4cU5hj+BcUg==

prop-types@^15.6.2, prop-types@^15.7.2:
  version "15.8.1"
  resolved "https://registry.yarnpkg.com/prop-types/-/prop-types-15.8.1.tgz#67d87bf1a694f48435cf332c24af10214a3140b5"
  integrity sha512-oj87CgZICdulUohogVAR7AjlC0327U4el4L6eAvOqCeudMDVU0NThNaV+b9Df4dXgSP1gXMTnPdhfe/2qDH5cg==
  dependencies:
    loose-envify "^1.4.0"
    object-assign "^4.1.1"
    react-is "^16.13.1"

react-hook-form@^7.50.0:
  version "7.50.1"
  resolved "https://registry.npmjs.org/react-hook-form/-/react-hook-form-7.50.1.tgz"
  integrity sha512-3PCY82oE0WgeOgUtIr3nYNNtNvqtJ7BZjsbxh6TnYNbXButaD5WpjOmTjdxZfheuHKR68qfeFnEDVYoSSFPMTQ==

react-is@^16.13.1, react-is@^16.7.0:
  version "16.13.1"
  resolved "https://registry.yarnpkg.com/react-is/-/react-is-16.13.1.tgz#789729a4dc36de2999dc156dd6c1d9c18cea56a4"
  integrity sha512-24e6ynE2H+OKt4kqsOvNd8kBpV65zoxbA4BVsEOB3ARVWQki/DHzaUoC5KuON/BiccDaCCTZBuOcfZs70kR8bQ==

react-is@^17.0.2:
  version "17.0.2"
  resolved "https://registry.yarnpkg.com/react-is/-/react-is-17.0.2.tgz#e691d4a8e9c789365655539ab372762b0efb54f0"
  integrity sha512-w2GsyukL62IJnlaff/nRegPQR94C/XXamvMWmSHRJ4y7Ts/4ocGRmTHvOs8PSE6pB3dWOrD/nueuU5sduBsQ4w==

react-toastify@^10.0.4:
  version "10.0.4"
  resolved "https://registry.npmjs.org/react-toastify/-/react-toastify-10.0.4.tgz"
  integrity sha512-etR3RgueY8pe88SA67wLm8rJmL1h+CLqUGHuAoNsseW35oTGJEri6eBTyaXnFKNQ80v/eO10hBYLgz036XRGgA==
  dependencies:
    clsx "^2.1.0"

react-transition-group@^4.4.0:
  version "4.4.5"
  resolved "https://registry.yarnpkg.com/react-transition-group/-/react-transition-group-4.4.5.tgz#e53d4e3f3344da8521489fbef8f2581d42becdd1"
  integrity sha512-pZcd1MCJoiKiBR2NRxeCRg13uCXbydPnmB4EOeRrY7480qNWO8IIgQG6zlDkm6uRMsURXPuKq0GWtiM59a5Q6g==
  dependencies:
    "@babel/runtime" "^7.5.5"
    dom-helpers "^5.0.1"
    loose-envify "^1.4.0"
    prop-types "^15.6.2"

regenerator-runtime@^0.14.0:
  version "0.14.1"
  resolved "https://registry.yarnpkg.com/regenerator-runtime/-/regenerator-runtime-0.14.1.tgz#356ade10263f685dda125100cd862c1db895327f"
  integrity sha512-dYnhHh0nJoMfnkZs6GmmhFknAGRrLznOu5nc9ML+EJxGvrx6H7teuevqVqCuPcPK//3eDrrjQhehXVx9cnkGdw==

stylis@4.2.0:
  version "4.2.0"
  resolved "https://registry.yarnpkg.com/stylis/-/stylis-4.2.0.tgz#79daee0208964c8fe695a42fcffcac633a211a51"
  integrity sha512-Orov6g6BB1sDfYgzWfTHDOxamtX1bE/zo104Dh9e6fqJ3PooipYyfJ0pUmrZO2wAvO8YbEyeFrkV91XTsGMSrw==
