# THIS IS AN AUTOGENERATED FILE. DO NOT EDIT THIS FILE DIRECTLY.
# yarn lockfile v1


"clsx@^2.1.0":
  "integrity" "sha512-m3iNNWpd9rl3jvvcBnu70ylMdrXt8Vlq4HYadnU5fwcOtvkSQWPmj7amUcDT2qYI7risszBjI5AUIUox9D16pg=="
  "resolved" "https://registry.npmjs.org/clsx/-/clsx-2.1.0.tgz"
  "version" "2.1.0"

"react-hook-form@^7.50.0":
  "integrity" "sha512-3PCY82oE0WgeOgUtIr3nYNNtNvqtJ7BZjsbxh6TnYNbXButaD5WpjOmTjdxZfheuHKR68qfeFnEDVYoSSFPMTQ=="
  "resolved" "https://registry.npmjs.org/react-hook-form/-/react-hook-form-7.50.1.tgz"
  "version" "7.50.1"

"react-toastify@^10.0.4":
  "integrity" "sha512-etR3RgueY8pe88SA67wLm8rJmL1h+CLqUGHuAoNsseW35oTGJEri6eBTyaXnFKNQ80v/eO10hBYLgz036XRGgA=="
  "resolved" "https://registry.npmjs.org/react-toastify/-/react-toastify-10.0.4.tgz"
  "version" "10.0.4"
  dependencies:
    "clsx" "^2.1.0"
